
Microsoft Visual Studio Solution File, Format Version 12.00
# Visual Studio 2013
VisualStudioVersion = 12.0.40629.0
MinimumVisualStudioVersion = 10.0.40219.1
Project("{FAE04EC0-301F-11D3-BF4B-00C04F79EFBC}") = "Client", "Client\Client.csproj", "{6417FA32-9992-40A3-9151-3E2A7366B845}"
EndProject
Project("{FAE04EC0-301F-11D3-BF4B-00C04F79EFBC}") = "Test", "Test\Test.csproj", "{0AC5EA2A-156B-4372-B26E-E9CB17AD6752}"
EndProject
Project("{FAE04EC0-301F-11D3-BF4B-00C04F79EFBC}") = "NuGetPackage", "NuGetPackage\NuGetPackage.csproj", "{0451BAEF-DF2E-4B98-8644-94EE9415E389}"
EndProject
Global
	GlobalSection(SolutionConfigurationPlatforms) = preSolution
		Debug|Any CPU = Debug|Any CPU
		Release|Any CPU = Release|Any CPU
	EndGlobalSection
	GlobalSection(ProjectConfigurationPlatforms) = postSolution
		{6417FA32-9992-40A3-9151-3E2A7366B845}.Debug|Any CPU.ActiveCfg = Debug|Any CPU
		{6417FA32-9992-40A3-9151-3E2A7366B845}.Debug|Any CPU.Build.0 = Debug|Any CPU
		{6417FA32-9992-40A3-9151-3E2A7366B845}.Release|Any CPU.ActiveCfg = Release|Any CPU
		{6417FA32-9992-40A3-9151-3E2A7366B845}.Release|Any CPU.Build.0 = Release|Any CPU
		{0AC5EA2A-156B-4372-B26E-E9CB17AD6752}.Debug|Any CPU.ActiveCfg = Debug|Any CPU
		{0AC5EA2A-156B-4372-B26E-E9CB17AD6752}.Debug|Any CPU.Build.0 = Debug|Any CPU
		{0AC5EA2A-156B-4372-B26E-E9CB17AD6752}.Release|Any CPU.ActiveCfg = Release|Any CPU
		{0AC5EA2A-156B-4372-B26E-E9CB17AD6752}.Release|Any CPU.Build.0 = Release|Any CPU
		{0451BAEF-DF2E-4B98-8644-94EE9415E389}.Debug|Any CPU.ActiveCfg = Debug|Any CPU
		{0451BAEF-DF2E-4B98-8644-94EE9415E389}.Debug|Any CPU.Build.0 = Debug|Any CPU
		{0451BAEF-DF2E-4B98-8644-94EE9415E389}.Release|Any CPU.ActiveCfg = Release|Any CPU
		{0451BAEF-DF2E-4B98-8644-94EE9415E389}.Release|Any CPU.Build.0 = Release|Any CPU
	EndGlobalSection
	GlobalSection(SolutionProperties) = preSolution
		HideSolutionNode = FALSE
	EndGlobalSection
EndGlobal
